
Microsoft Visual Studio Solution File, Format Version 12.00
# Visual Studio Version 16
VisualStudioVersion = 16.0.32630.194
MinimumVisualStudioVersion = 10.0.40219.1
Project("{FAE04EC0-301F-11D3-BF4B-00C04F79EFBC}") = "KpDbImportPlus", "KpDbImportPlus.csproj", "{E536C888-ED86-4248-BA38-48E882241559}"
EndProject
Global
	GlobalSection(SolutionConfigurationPlatforms) = preSolution
		Debug|Any CPU = Debug|Any CPU
		Release|Any CPU = Release|Any CPU
	EndGlobalSection
	GlobalSection(ProjectConfigurationPlatforms) = postSolution
		{E536C888-ED86-4248-BA38-48E882241559}.Debug|Any CPU.ActiveCfg = Debug|Any CPU
		{E536C888-ED86-4248-BA38-48E882241559}.Debug|Any CPU.Build.0 = Debug|Any CPU
		{E536C888-ED86-4248-BA38-48E882241559}.Release|Any CPU.ActiveCfg = Release|Any CPU
		{E536C888-ED86-4248-BA38-48E882241559}.Release|Any CPU.Build.0 = Release|Any CPU
	EndGlobalSection
	GlobalSection(SolutionProperties) = preSolution
		HideSolutionNode = FALSE
	EndGlobalSection
	GlobalSection(ExtensibilityGlobals) = postSolution
		SolutionGuid = {508AE9A5-4802-4F0A-8842-D50B43394D76}
	EndGlobalSection
EndGlobal
